
Microsoft Visual Studio Solution File, Format Version 12.00
# Visual Studio Version 17
VisualStudioVersion = 17.11.35431.28
MinimumVisualStudioVersion = 10.0.40219.1
Project("{FAE04EC0-301F-11D3-BF4B-00C04F79EFBC}") = "EMS.WebApi", "EMS.WebApi\EMS.WebApi.csproj", "{A6E3233D-0F36-48D3-AAFC-212D9D4F6D8E}"
	ProjectSection(ProjectDependencies) = postProject
		{561B0D68-3A17-45B7-8255-6BC509EF64A8} = {561B0D68-3A17-45B7-8255-6BC509EF64A8}
	EndProjectSection
EndProject
Project("{FAE04EC0-301F-11D3-BF4B-00C04F79EFBC}") = "EMS.Business", "EMS.Business\EMS.Business.csproj", "{561B0D68-3A17-45B7-8255-6BC509EF64A8}"
	ProjectSection(ProjectDependencies) = postProject
		{5611A272-5164-4B31-80D9-E72424501E13} = {5611A272-5164-4B31-80D9-E72424501E13}
		{91A66145-A82A-4B77-BF33-3131A84F0C04} = {91A66145-A82A-4B77-BF33-3131A84F0C04}
		{DC7F4566-4059-4A10-9F57-5515CC85F1F7} = {DC7F4566-4059-4A10-9F57-5515CC85F1F7}
	EndProjectSection
EndProject
Project("{FAE04EC0-301F-11D3-BF4B-00C04F79EFBC}") = "EMS.Entities", "EMS.Entities\EMS.Entities.csproj", "{5611A272-5164-4B31-80D9-E72424501E13}"
	ProjectSection(ProjectDependencies) = postProject
		{91A66145-A82A-4B77-BF33-3131A84F0C04} = {91A66145-A82A-4B77-BF33-3131A84F0C04}
	EndProjectSection
EndProject
Project("{FAE04EC0-301F-11D3-BF4B-00C04F79EFBC}") = "EMS.Repository", "EMS.Repository\EMS.Repository.csproj", "{DC7F4566-4059-4A10-9F57-5515CC85F1F7}"
	ProjectSection(ProjectDependencies) = postProject
		{5611A272-5164-4B31-80D9-E72424501E13} = {5611A272-5164-4B31-80D9-E72424501E13}
		{91A66145-A82A-4B77-BF33-3131A84F0C04} = {91A66145-A82A-4B77-BF33-3131A84F0C04}
	EndProjectSection
EndProject
Project("{FAE04EC0-301F-11D3-BF4B-00C04F79EFBC}") = "EMS.Common", "EMS.Common\EMS.Common.csproj", "{91A66145-A82A-4B77-BF33-3131A84F0C04}"
EndProject
Global
	GlobalSection(SolutionConfigurationPlatforms) = preSolution
		Debug|Any CPU = Debug|Any CPU
		Release|Any CPU = Release|Any CPU
	EndGlobalSection
	GlobalSection(ProjectConfigurationPlatforms) = postSolution
		{A6E3233D-0F36-48D3-AAFC-212D9D4F6D8E}.Debug|Any CPU.ActiveCfg = Debug|Any CPU
		{A6E3233D-0F36-48D3-AAFC-212D9D4F6D8E}.Debug|Any CPU.Build.0 = Debug|Any CPU
		{A6E3233D-0F36-48D3-AAFC-212D9D4F6D8E}.Release|Any CPU.ActiveCfg = Release|Any CPU
		{A6E3233D-0F36-48D3-AAFC-212D9D4F6D8E}.Release|Any CPU.Build.0 = Release|Any CPU
		{561B0D68-3A17-45B7-8255-6BC509EF64A8}.Debug|Any CPU.ActiveCfg = Debug|Any CPU
		{561B0D68-3A17-45B7-8255-6BC509EF64A8}.Debug|Any CPU.Build.0 = Debug|Any CPU
		{561B0D68-3A17-45B7-8255-6BC509EF64A8}.Release|Any CPU.ActiveCfg = Release|Any CPU
		{561B0D68-3A17-45B7-8255-6BC509EF64A8}.Release|Any CPU.Build.0 = Release|Any CPU
		{5611A272-5164-4B31-80D9-E72424501E13}.Debug|Any CPU.ActiveCfg = Debug|Any CPU
		{5611A272-5164-4B31-80D9-E72424501E13}.Debug|Any CPU.Build.0 = Debug|Any CPU
		{5611A272-5164-4B31-80D9-E72424501E13}.Release|Any CPU.ActiveCfg = Release|Any CPU
		{5611A272-5164-4B31-80D9-E72424501E13}.Release|Any CPU.Build.0 = Release|Any CPU
		{DC7F4566-4059-4A10-9F57-5515CC85F1F7}.Debug|Any CPU.ActiveCfg = Debug|Any CPU
		{DC7F4566-4059-4A10-9F57-5515CC85F1F7}.Debug|Any CPU.Build.0 = Debug|Any CPU
		{DC7F4566-4059-4A10-9F57-5515CC85F1F7}.Release|Any CPU.ActiveCfg = Release|Any CPU
		{DC7F4566-4059-4A10-9F57-5515CC85F1F7}.Release|Any CPU.Build.0 = Release|Any CPU
		{91A66145-A82A-4B77-BF33-3131A84F0C04}.Debug|Any CPU.ActiveCfg = Debug|Any CPU
		{91A66145-A82A-4B77-BF33-3131A84F0C04}.Debug|Any CPU.Build.0 = Debug|Any CPU
		{91A66145-A82A-4B77-BF33-3131A84F0C04}.Release|Any CPU.ActiveCfg = Release|Any CPU
		{91A66145-A82A-4B77-BF33-3131A84F0C04}.Release|Any CPU.Build.0 = Release|Any CPU
	EndGlobalSection
	GlobalSection(SolutionProperties) = preSolution
		HideSolutionNode = FALSE
	EndGlobalSection
	GlobalSection(ExtensibilityGlobals) = postSolution
		SolutionGuid = {5FE17805-2454-44A9-B40B-E8F02D63FA44}
	EndGlobalSection
EndGlobal
